{"filter":false,"title":"Gemfile.lock","tooltip":"/bookers2/Gemfile.lock","undoManager":{"mark":-1,"position":-1,"stack":[]},"ace":{"folds":[],"scrolltop":3891,"scrollleft":0,"selection":{"start":{"row":0,"column":0},"end":{"row":0,"column":0},"isBackwards":false},"options":{"guessTabSize":true,"useWrapMode":false,"wrapToView":true},"firstLineState":{"row":258,"state":"start","mode":"ace/mode/text"}},"timestamp":1656233035938,"hash":"ba7285aa8b26479febd986e53a4774876607ab19"}